
Microsoft Visual Studio Solution File, Format Version 12.00
# Visual Studio Version 16
VisualStudioVersion = 16.0.29709.97
MinimumVisualStudioVersion = 10.0.40219.1
Project("{FAE04EC0-301F-11D3-BF4B-00C04F79EFBC}") = "Calculadora", "Calculadora\Calculadora.csproj", "{56B88807-C56A-45B8-BC91-CAA45B7A4243}"
EndProject
Global
	GlobalSection(SolutionConfigurationPlatforms) = preSolution
		Debug|Any CPU = Debug|Any CPU
		Release|Any CPU = Release|Any CPU
	EndGlobalSection
	GlobalSection(ProjectConfigurationPlatforms) = postSolution
		{56B88807-C56A-45B8-BC91-CAA45B7A4243}.Debug|Any CPU.ActiveCfg = Debug|Any CPU
		{56B88807-C56A-45B8-BC91-CAA45B7A4243}.Debug|Any CPU.Build.0 = Debug|Any CPU
		{56B88807-C56A-45B8-BC91-CAA45B7A4243}.Release|Any CPU.ActiveCfg = Release|Any CPU
		{56B88807-C56A-45B8-BC91-CAA45B7A4243}.Release|Any CPU.Build.0 = Release|Any CPU
	EndGlobalSection
	GlobalSection(SolutionProperties) = preSolution
		HideSolutionNode = FALSE
	EndGlobalSection
	GlobalSection(ExtensibilityGlobals) = postSolution
		SolutionGuid = {D47324E7-FDB0-4543-ABB5-1682B8859F33}
	EndGlobalSection
EndGlobal
